{
  "name": "w16project",
  "version": "1.0.0",
  "lockfileVersion": 1,
  "requires": true,
  "dependencies": {
    "react-country-region-selector": {
      "version": "3.4.0",
      "resolved": "https://registry.npmjs.org/react-country-region-selector/-/react-country-region-selector-3.4.0.tgz",
      "integrity": "sha512-3zUC0Uhsr6gV8Wxj/BBVJxdTl7pETHPnpDU72OT1n6WrhKVlSYcITEjV0iSyqyk+EmTPM1Fca9JmHRJ+efA2UA=="
    }
  }
}
